
Microsoft Visual Studio Solution File, Format Version 12.00
# Visual Studio Version 17
VisualStudioVersion = 17.5.33516.290
MinimumVisualStudioVersion = 10.0.40219.1
Project("{FAE04EC0-301F-11D3-BF4B-00C04F79EFBC}") = "BefungeInterpreter", "BefungeInterpreter\BefungeInterpreter.csproj", "{EC18661A-E546-44DB-A112-6BA6C49F277F}"
EndProject
Project("{FAE04EC0-301F-11D3-BF4B-00C04F79EFBC}") = "AdditionTest", "AdditionTest\AdditionTest.csproj", "{89BC4DEC-5625-43E6-B710-0C6FBCC35A3E}"
EndProject
Project("{FAE04EC0-301F-11D3-BF4B-00C04F79EFBC}") = "DivisionTest", "DivisionTest\DivisionTest.csproj", "{31ADDB99-7A02-485E-AD70-0B6B61EBED5A}"
EndProject
Project("{FAE04EC0-301F-11D3-BF4B-00C04F79EFBC}") = "SubtractionTest", "SubtractionTest\SubtractionTest.csproj", "{90F86242-B414-4016-8053-D11472566B5A}"
EndProject
Project("{FAE04EC0-301F-11D3-BF4B-00C04F79EFBC}") = "NegationTest", "NegationTest\NegationTest.csproj", "{29640EF1-132D-4956-ADF1-11F314C0EBE3}"
EndProject
Project("{FAE04EC0-301F-11D3-BF4B-00C04F79EFBC}") = "ModuloTest", "ModuloTest\ModuloTest.csproj", "{3FF64639-5AAD-4FA4-86C1-5ABAB7AE8040}"
EndProject
Project("{FAE04EC0-301F-11D3-BF4B-00C04F79EFBC}") = "MultiplicationTest", "MultiplicationTest\MultiplicationTest.csproj", "{43D5877E-A63E-4D41-97F7-E297EEDEB77F}"
EndProject
Project("{FAE04EC0-301F-11D3-BF4B-00C04F79EFBC}") = "GreaterThanTest", "GreaterThanTest\GreaterThanTest.csproj", "{3A02F998-4392-4124-8162-235FDCFA2E5A}"
EndProject
Project("{2150E333-8FDC-42A3-9474-1A3956D46DE8}") = "Tests", "Tests", "{15756E3B-D2C3-4C16-AE8A-A27FDF895E59}"
EndProject
Project("{2150E333-8FDC-42A3-9474-1A3956D46DE8}") = "Code", "Code", "{3E7681A0-7B20-461B-8A8B-292A64572AA7}"
EndProject
Project("{FAE04EC0-301F-11D3-BF4B-00C04F79EFBC}") = "DownTest", "DownTest\DownTest.csproj", "{E3D6C8CC-0A53-44C7-8AFA-F7EB9D0310C0}"
EndProject
Project("{2150E333-8FDC-42A3-9474-1A3956D46DE8}") = "Commands", "Commands", "{BBEDA7D7-F9A8-435F-A2DA-F655B463E713}"
EndProject
Project("{2150E333-8FDC-42A3-9474-1A3956D46DE8}") = "Directions", "Directions", "{25CC028C-C6A9-460B-9AE4-3F9CCC74F259}"
EndProject
Project("{FAE04EC0-301F-11D3-BF4B-00C04F79EFBC}") = "LeftTest", "LeftTest\LeftTest.csproj", "{BFCB7711-82AA-404E-8419-3056FB1D03EA}"
EndProject
Project("{FAE04EC0-301F-11D3-BF4B-00C04F79EFBC}") = "RightTest", "RightTest\RightTest.csproj", "{CB674EA6-F2CB-4480-ACD8-000C0681F0FA}"
EndProject
Project("{FAE04EC0-301F-11D3-BF4B-00C04F79EFBC}") = "UpTest", "UpTest\UpTest.csproj", "{F116F1A9-693F-49E4-8B01-1ED6D5029DAB}"
EndProject
Project("{2150E333-8FDC-42A3-9474-1A3956D46DE8}") = "Others", "Others", "{A53506DC-8FCD-4898-8672-0C98AB5913E8}"
EndProject
Project("{FAE04EC0-301F-11D3-BF4B-00C04F79EFBC}") = "ConsoleWriterTest", "ConsoleWriterTest\ConsoleWriterTest.csproj", "{1F587221-1C33-460F-9FAB-24CE1F1D01E7}"
EndProject
Project("{FAE04EC0-301F-11D3-BF4B-00C04F79EFBC}") = "ConsoleWriterValidatorTest", "ConsoleWriterValidatorTest\ConsoleWriterValidatorTest.csproj", "{9DAEA62F-2A13-4BDB-A146-67B53E0F5071}"
EndProject
Project("{FAE04EC0-301F-11D3-BF4B-00C04F79EFBC}") = "FileReaderTest", "FileReaderTest\FileReaderTest.csproj", "{3C8D9E3D-801E-4E11-93B3-0EDF00D79964}"
EndProject
Project("{FAE04EC0-301F-11D3-BF4B-00C04F79EFBC}") = "InterpreterTest", "InterpreterTest\InterpreterTest.csproj", "{893A425B-4078-47D6-B808-034CF29A4049}"
EndProject
Project("{FAE04EC0-301F-11D3-BF4B-00C04F79EFBC}") = "InterpreterCommandsTest", "InterpreterCommands\InterpreterCommandsTest.csproj", "{9CF2C60F-4705-4A38-9C87-E1D1FFF10A37}"
EndProject
Project("{FAE04EC0-301F-11D3-BF4B-00C04F79EFBC}") = "InterpreterDirectionsTest", "InterpreterDirectionsTest\InterpreterDirectionsTest.csproj", "{37941B4A-DED0-4564-9CF4-B5201C3AF463}"
EndProject
Project("{FAE04EC0-301F-11D3-BF4B-00C04F79EFBC}") = "InterpreterStackTest", "InterpreterStack\InterpreterStackTest.csproj", "{CB7C4B49-3B04-4EF7-84FC-803FD5A9D5A3}"
EndProject
Project("{2150E333-8FDC-42A3-9474-1A3956D46DE8}") = "Validators", "Validators", "{712FDBE4-862C-4CA2-9D13-968D30A0C2EC}"
EndProject
Project("{FAE04EC0-301F-11D3-BF4B-00C04F79EFBC}") = "ValidatorTest", "ValidatorTest\ValidatorTest.csproj", "{D6B670B0-71E7-4CD6-ACE1-54D86C8B658F}"
EndProject
Global
	GlobalSection(SolutionConfigurationPlatforms) = preSolution
		Debug|Any CPU = Debug|Any CPU
		Release|Any CPU = Release|Any CPU
	EndGlobalSection
	GlobalSection(ProjectConfigurationPlatforms) = postSolution
		{EC18661A-E546-44DB-A112-6BA6C49F277F}.Debug|Any CPU.ActiveCfg = Debug|Any CPU
		{EC18661A-E546-44DB-A112-6BA6C49F277F}.Debug|Any CPU.Build.0 = Debug|Any CPU
		{EC18661A-E546-44DB-A112-6BA6C49F277F}.Release|Any CPU.ActiveCfg = Release|Any CPU
		{EC18661A-E546-44DB-A112-6BA6C49F277F}.Release|Any CPU.Build.0 = Release|Any CPU
		{89BC4DEC-5625-43E6-B710-0C6FBCC35A3E}.Debug|Any CPU.ActiveCfg = Debug|Any CPU
		{89BC4DEC-5625-43E6-B710-0C6FBCC35A3E}.Debug|Any CPU.Build.0 = Debug|Any CPU
		{89BC4DEC-5625-43E6-B710-0C6FBCC35A3E}.Release|Any CPU.ActiveCfg = Release|Any CPU
		{89BC4DEC-5625-43E6-B710-0C6FBCC35A3E}.Release|Any CPU.Build.0 = Release|Any CPU
		{31ADDB99-7A02-485E-AD70-0B6B61EBED5A}.Debug|Any CPU.ActiveCfg = Debug|Any CPU
		{31ADDB99-7A02-485E-AD70-0B6B61EBED5A}.Debug|Any CPU.Build.0 = Debug|Any CPU
		{31ADDB99-7A02-485E-AD70-0B6B61EBED5A}.Release|Any CPU.ActiveCfg = Release|Any CPU
		{31ADDB99-7A02-485E-AD70-0B6B61EBED5A}.Release|Any CPU.Build.0 = Release|Any CPU
		{90F86242-B414-4016-8053-D11472566B5A}.Debug|Any CPU.ActiveCfg = Debug|Any CPU
		{90F86242-B414-4016-8053-D11472566B5A}.Debug|Any CPU.Build.0 = Debug|Any CPU
		{90F86242-B414-4016-8053-D11472566B5A}.Release|Any CPU.ActiveCfg = Release|Any CPU
		{90F86242-B414-4016-8053-D11472566B5A}.Release|Any CPU.Build.0 = Release|Any CPU
		{29640EF1-132D-4956-ADF1-11F314C0EBE3}.Debug|Any CPU.ActiveCfg = Debug|Any CPU
		{29640EF1-132D-4956-ADF1-11F314C0EBE3}.Debug|Any CPU.Build.0 = Debug|Any CPU
		{29640EF1-132D-4956-ADF1-11F314C0EBE3}.Release|Any CPU.ActiveCfg = Release|Any CPU
		{29640EF1-132D-4956-ADF1-11F314C0EBE3}.Release|Any CPU.Build.0 = Release|Any CPU
		{3FF64639-5AAD-4FA4-86C1-5ABAB7AE8040}.Debug|Any CPU.ActiveCfg = Debug|Any CPU
		{3FF64639-5AAD-4FA4-86C1-5ABAB7AE8040}.Debug|Any CPU.Build.0 = Debug|Any CPU
		{3FF64639-5AAD-4FA4-86C1-5ABAB7AE8040}.Release|Any CPU.ActiveCfg = Release|Any CPU
		{3FF64639-5AAD-4FA4-86C1-5ABAB7AE8040}.Release|Any CPU.Build.0 = Release|Any CPU
		{43D5877E-A63E-4D41-97F7-E297EEDEB77F}.Debug|Any CPU.ActiveCfg = Debug|Any CPU
		{43D5877E-A63E-4D41-97F7-E297EEDEB77F}.Debug|Any CPU.Build.0 = Debug|Any CPU
		{43D5877E-A63E-4D41-97F7-E297EEDEB77F}.Release|Any CPU.ActiveCfg = Release|Any CPU
		{43D5877E-A63E-4D41-97F7-E297EEDEB77F}.Release|Any CPU.Build.0 = Release|Any CPU
		{3A02F998-4392-4124-8162-235FDCFA2E5A}.Debug|Any CPU.ActiveCfg = Debug|Any CPU
		{3A02F998-4392-4124-8162-235FDCFA2E5A}.Debug|Any CPU.Build.0 = Debug|Any CPU
		{3A02F998-4392-4124-8162-235FDCFA2E5A}.Release|Any CPU.ActiveCfg = Release|Any CPU
		{3A02F998-4392-4124-8162-235FDCFA2E5A}.Release|Any CPU.Build.0 = Release|Any CPU
		{E3D6C8CC-0A53-44C7-8AFA-F7EB9D0310C0}.Debug|Any CPU.ActiveCfg = Debug|Any CPU
		{E3D6C8CC-0A53-44C7-8AFA-F7EB9D0310C0}.Debug|Any CPU.Build.0 = Debug|Any CPU
		{E3D6C8CC-0A53-44C7-8AFA-F7EB9D0310C0}.Release|Any CPU.ActiveCfg = Release|Any CPU
		{E3D6C8CC-0A53-44C7-8AFA-F7EB9D0310C0}.Release|Any CPU.Build.0 = Release|Any CPU
		{BFCB7711-82AA-404E-8419-3056FB1D03EA}.Debug|Any CPU.ActiveCfg = Debug|Any CPU
		{BFCB7711-82AA-404E-8419-3056FB1D03EA}.Debug|Any CPU.Build.0 = Debug|Any CPU
		{BFCB7711-82AA-404E-8419-3056FB1D03EA}.Release|Any CPU.ActiveCfg = Release|Any CPU
		{BFCB7711-82AA-404E-8419-3056FB1D03EA}.Release|Any CPU.Build.0 = Release|Any CPU
		{CB674EA6-F2CB-4480-ACD8-000C0681F0FA}.Debug|Any CPU.ActiveCfg = Debug|Any CPU
		{CB674EA6-F2CB-4480-ACD8-000C0681F0FA}.Debug|Any CPU.Build.0 = Debug|Any CPU
		{CB674EA6-F2CB-4480-ACD8-000C0681F0FA}.Release|Any CPU.ActiveCfg = Release|Any CPU
		{CB674EA6-F2CB-4480-ACD8-000C0681F0FA}.Release|Any CPU.Build.0 = Release|Any CPU
		{F116F1A9-693F-49E4-8B01-1ED6D5029DAB}.Debug|Any CPU.ActiveCfg = Debug|Any CPU
		{F116F1A9-693F-49E4-8B01-1ED6D5029DAB}.Debug|Any CPU.Build.0 = Debug|Any CPU
		{F116F1A9-693F-49E4-8B01-1ED6D5029DAB}.Release|Any CPU.ActiveCfg = Release|Any CPU
		{F116F1A9-693F-49E4-8B01-1ED6D5029DAB}.Release|Any CPU.Build.0 = Release|Any CPU
		{1F587221-1C33-460F-9FAB-24CE1F1D01E7}.Debug|Any CPU.ActiveCfg = Debug|Any CPU
		{1F587221-1C33-460F-9FAB-24CE1F1D01E7}.Debug|Any CPU.Build.0 = Debug|Any CPU
		{1F587221-1C33-460F-9FAB-24CE1F1D01E7}.Release|Any CPU.ActiveCfg = Release|Any CPU
		{1F587221-1C33-460F-9FAB-24CE1F1D01E7}.Release|Any CPU.Build.0 = Release|Any CPU
		{9DAEA62F-2A13-4BDB-A146-67B53E0F5071}.Debug|Any CPU.ActiveCfg = Debug|Any CPU
		{9DAEA62F-2A13-4BDB-A146-67B53E0F5071}.Debug|Any CPU.Build.0 = Debug|Any CPU
		{9DAEA62F-2A13-4BDB-A146-67B53E0F5071}.Release|Any CPU.ActiveCfg = Release|Any CPU
		{9DAEA62F-2A13-4BDB-A146-67B53E0F5071}.Release|Any CPU.Build.0 = Release|Any CPU
		{3C8D9E3D-801E-4E11-93B3-0EDF00D79964}.Debug|Any CPU.ActiveCfg = Debug|Any CPU
		{3C8D9E3D-801E-4E11-93B3-0EDF00D79964}.Debug|Any CPU.Build.0 = Debug|Any CPU
		{3C8D9E3D-801E-4E11-93B3-0EDF00D79964}.Release|Any CPU.ActiveCfg = Release|Any CPU
		{3C8D9E3D-801E-4E11-93B3-0EDF00D79964}.Release|Any CPU.Build.0 = Release|Any CPU
		{893A425B-4078-47D6-B808-034CF29A4049}.Debug|Any CPU.ActiveCfg = Debug|Any CPU
		{893A425B-4078-47D6-B808-034CF29A4049}.Debug|Any CPU.Build.0 = Debug|Any CPU
		{893A425B-4078-47D6-B808-034CF29A4049}.Release|Any CPU.ActiveCfg = Release|Any CPU
		{893A425B-4078-47D6-B808-034CF29A4049}.Release|Any CPU.Build.0 = Release|Any CPU
		{9CF2C60F-4705-4A38-9C87-E1D1FFF10A37}.Debug|Any CPU.ActiveCfg = Debug|Any CPU
		{9CF2C60F-4705-4A38-9C87-E1D1FFF10A37}.Debug|Any CPU.Build.0 = Debug|Any CPU
		{9CF2C60F-4705-4A38-9C87-E1D1FFF10A37}.Release|Any CPU.ActiveCfg = Release|Any CPU
		{9CF2C60F-4705-4A38-9C87-E1D1FFF10A37}.Release|Any CPU.Build.0 = Release|Any CPU
		{37941B4A-DED0-4564-9CF4-B5201C3AF463}.Debug|Any CPU.ActiveCfg = Debug|Any CPU
		{37941B4A-DED0-4564-9CF4-B5201C3AF463}.Debug|Any CPU.Build.0 = Debug|Any CPU
		{37941B4A-DED0-4564-9CF4-B5201C3AF463}.Release|Any CPU.ActiveCfg = Release|Any CPU
		{37941B4A-DED0-4564-9CF4-B5201C3AF463}.Release|Any CPU.Build.0 = Release|Any CPU
		{CB7C4B49-3B04-4EF7-84FC-803FD5A9D5A3}.Debug|Any CPU.ActiveCfg = Debug|Any CPU
		{CB7C4B49-3B04-4EF7-84FC-803FD5A9D5A3}.Debug|Any CPU.Build.0 = Debug|Any CPU
		{CB7C4B49-3B04-4EF7-84FC-803FD5A9D5A3}.Release|Any CPU.ActiveCfg = Release|Any CPU
		{CB7C4B49-3B04-4EF7-84FC-803FD5A9D5A3}.Release|Any CPU.Build.0 = Release|Any CPU
		{D6B670B0-71E7-4CD6-ACE1-54D86C8B658F}.Debug|Any CPU.ActiveCfg = Debug|Any CPU
		{D6B670B0-71E7-4CD6-ACE1-54D86C8B658F}.Debug|Any CPU.Build.0 = Debug|Any CPU
		{D6B670B0-71E7-4CD6-ACE1-54D86C8B658F}.Release|Any CPU.ActiveCfg = Release|Any CPU
		{D6B670B0-71E7-4CD6-ACE1-54D86C8B658F}.Release|Any CPU.Build.0 = Release|Any CPU
	EndGlobalSection
	GlobalSection(SolutionProperties) = preSolution
		HideSolutionNode = FALSE
	EndGlobalSection
	GlobalSection(NestedProjects) = preSolution
		{EC18661A-E546-44DB-A112-6BA6C49F277F} = {3E7681A0-7B20-461B-8A8B-292A64572AA7}
		{89BC4DEC-5625-43E6-B710-0C6FBCC35A3E} = {BBEDA7D7-F9A8-435F-A2DA-F655B463E713}
		{31ADDB99-7A02-485E-AD70-0B6B61EBED5A} = {BBEDA7D7-F9A8-435F-A2DA-F655B463E713}
		{90F86242-B414-4016-8053-D11472566B5A} = {BBEDA7D7-F9A8-435F-A2DA-F655B463E713}
		{29640EF1-132D-4956-ADF1-11F314C0EBE3} = {BBEDA7D7-F9A8-435F-A2DA-F655B463E713}
		{3FF64639-5AAD-4FA4-86C1-5ABAB7AE8040} = {BBEDA7D7-F9A8-435F-A2DA-F655B463E713}
		{43D5877E-A63E-4D41-97F7-E297EEDEB77F} = {BBEDA7D7-F9A8-435F-A2DA-F655B463E713}
		{3A02F998-4392-4124-8162-235FDCFA2E5A} = {BBEDA7D7-F9A8-435F-A2DA-F655B463E713}
		{E3D6C8CC-0A53-44C7-8AFA-F7EB9D0310C0} = {25CC028C-C6A9-460B-9AE4-3F9CCC74F259}
		{BBEDA7D7-F9A8-435F-A2DA-F655B463E713} = {15756E3B-D2C3-4C16-AE8A-A27FDF895E59}
		{25CC028C-C6A9-460B-9AE4-3F9CCC74F259} = {15756E3B-D2C3-4C16-AE8A-A27FDF895E59}
		{BFCB7711-82AA-404E-8419-3056FB1D03EA} = {25CC028C-C6A9-460B-9AE4-3F9CCC74F259}
		{CB674EA6-F2CB-4480-ACD8-000C0681F0FA} = {25CC028C-C6A9-460B-9AE4-3F9CCC74F259}
		{F116F1A9-693F-49E4-8B01-1ED6D5029DAB} = {25CC028C-C6A9-460B-9AE4-3F9CCC74F259}
		{A53506DC-8FCD-4898-8672-0C98AB5913E8} = {15756E3B-D2C3-4C16-AE8A-A27FDF895E59}
		{1F587221-1C33-460F-9FAB-24CE1F1D01E7} = {A53506DC-8FCD-4898-8672-0C98AB5913E8}
		{9DAEA62F-2A13-4BDB-A146-67B53E0F5071} = {712FDBE4-862C-4CA2-9D13-968D30A0C2EC}
		{3C8D9E3D-801E-4E11-93B3-0EDF00D79964} = {A53506DC-8FCD-4898-8672-0C98AB5913E8}
		{893A425B-4078-47D6-B808-034CF29A4049} = {A53506DC-8FCD-4898-8672-0C98AB5913E8}
		{9CF2C60F-4705-4A38-9C87-E1D1FFF10A37} = {BBEDA7D7-F9A8-435F-A2DA-F655B463E713}
		{37941B4A-DED0-4564-9CF4-B5201C3AF463} = {25CC028C-C6A9-460B-9AE4-3F9CCC74F259}
		{CB7C4B49-3B04-4EF7-84FC-803FD5A9D5A3} = {A53506DC-8FCD-4898-8672-0C98AB5913E8}
		{712FDBE4-862C-4CA2-9D13-968D30A0C2EC} = {15756E3B-D2C3-4C16-AE8A-A27FDF895E59}
		{D6B670B0-71E7-4CD6-ACE1-54D86C8B658F} = {712FDBE4-862C-4CA2-9D13-968D30A0C2EC}
	EndGlobalSection
	GlobalSection(ExtensibilityGlobals) = postSolution
		SolutionGuid = {569B4C97-B51D-4D9C-87A2-7191C599BEDA}
	EndGlobalSection
EndGlobal
